
Microsoft Visual Studio Solution File, Format Version 12.00
# Visual Studio Version 17
VisualStudioVersion = 17.3.32825.248
MinimumVisualStudioVersion = 10.0.40219.1
Project("{FAE04EC0-301F-11D3-BF4B-00C04F79EFBC}") = "Software baas", "Software baas.csproj", "{24E0BAD5-94E8-40A1-A9D0-FC3E22080FB4}"
EndProject
Global
	GlobalSection(SolutionConfigurationPlatforms) = preSolution
		Debug|Any CPU = Debug|Any CPU
		Release|Any CPU = Release|Any CPU
	EndGlobalSection
	GlobalSection(ProjectConfigurationPlatforms) = postSolution
		{24E0BAD5-94E8-40A1-A9D0-FC3E22080FB4}.Debug|Any CPU.ActiveCfg = Debug|Any CPU
		{24E0BAD5-94E8-40A1-A9D0-FC3E22080FB4}.Debug|Any CPU.Build.0 = Debug|Any CPU
		{24E0BAD5-94E8-40A1-A9D0-FC3E22080FB4}.Release|Any CPU.ActiveCfg = Release|Any CPU
		{24E0BAD5-94E8-40A1-A9D0-FC3E22080FB4}.Release|Any CPU.Build.0 = Release|Any CPU
	EndGlobalSection
	GlobalSection(SolutionProperties) = preSolution
		HideSolutionNode = FALSE
	EndGlobalSection
	GlobalSection(ExtensibilityGlobals) = postSolution
		SolutionGuid = {57EB7044-3890-4FB1-A67F-EE1D86E89E7C}
	EndGlobalSection
EndGlobal
