
Microsoft Visual Studio Solution File, Format Version 12.00
# Visual Studio Version 17
VisualStudioVersion = 17.3.32825.248
MinimumVisualStudioVersion = 10.0.40219.1
Project("{FAE04EC0-301F-11D3-BF4B-00C04F79EFBC}") = "Goeroe-calc", "Goeroe-calc.csproj", "{BCCAB01F-5D1C-4507-ACD3-69A785800749}"
EndProject
Global
	GlobalSection(SolutionConfigurationPlatforms) = preSolution
		Debug|Any CPU = Debug|Any CPU
		Release|Any CPU = Release|Any CPU
	EndGlobalSection
	GlobalSection(ProjectConfigurationPlatforms) = postSolution
		{BCCAB01F-5D1C-4507-ACD3-69A785800749}.Debug|Any CPU.ActiveCfg = Debug|Any CPU
		{BCCAB01F-5D1C-4507-ACD3-69A785800749}.Debug|Any CPU.Build.0 = Debug|Any CPU
		{BCCAB01F-5D1C-4507-ACD3-69A785800749}.Release|Any CPU.ActiveCfg = Release|Any CPU
		{BCCAB01F-5D1C-4507-ACD3-69A785800749}.Release|Any CPU.Build.0 = Release|Any CPU
	EndGlobalSection
	GlobalSection(SolutionProperties) = preSolution
		HideSolutionNode = FALSE
	EndGlobalSection
	GlobalSection(ExtensibilityGlobals) = postSolution
		SolutionGuid = {3BA5A0F9-CC0E-4B23-A271-0F382890C2B7}
	EndGlobalSection
EndGlobal
