
Microsoft Visual Studio Solution File, Format Version 12.00
# Visual Studio Version 17
VisualStudioVersion = 17.3.32825.248
MinimumVisualStudioVersion = 10.0.40219.1
Project("{FAE04EC0-301F-11D3-BF4B-00C04F79EFBC}") = "SimonStates", "SimonStates.csproj", "{CCEA23A7-68A8-4223-A45D-520601646EDB}"
EndProject
Global
	GlobalSection(SolutionConfigurationPlatforms) = preSolution
		Debug|Any CPU = Debug|Any CPU
		Release|Any CPU = Release|Any CPU
	EndGlobalSection
	GlobalSection(ProjectConfigurationPlatforms) = postSolution
		{CCEA23A7-68A8-4223-A45D-520601646EDB}.Debug|Any CPU.ActiveCfg = Debug|Any CPU
		{CCEA23A7-68A8-4223-A45D-520601646EDB}.Debug|Any CPU.Build.0 = Debug|Any CPU
		{CCEA23A7-68A8-4223-A45D-520601646EDB}.Release|Any CPU.ActiveCfg = Release|Any CPU
		{CCEA23A7-68A8-4223-A45D-520601646EDB}.Release|Any CPU.Build.0 = Release|Any CPU
	EndGlobalSection
	GlobalSection(SolutionProperties) = preSolution
		HideSolutionNode = FALSE
	EndGlobalSection
	GlobalSection(ExtensibilityGlobals) = postSolution
		SolutionGuid = {6EC0CB2C-B615-4B01-A86E-9877F2D0E141}
	EndGlobalSection
EndGlobal
